Microsoft Visual Studio Solution File, Format Version 11.00
# Visual Studio 2010
Project("{8BC9CEB8-8B4A-11D0-8D11-00A0C91BC942}") = "Necflash", "Binflash.vcxproj", "{87217FBE-AAF9-46C5-B88C-99B758E97C92}"
EndProject
Project("{8BC9CEB8-8B4A-11D0-8D11-00A0C91BC942}") = "plscsi", "plscsi\plscsi.vcxproj", "{B13C3D15-F4C3-409E-9BB3-4420160D4583}"
EndProject
Project("{8BC9CEB8-8B4A-11D0-8D11-00A0C91BC942}") = "NECWinFlash", "BinflashGui.vcxproj", "{34746F31-B41A-49F6-8D2A-7437D89C50E5}"
EndProject
Global
	GlobalSection(SolutionConfigurationPlatforms) = preSolution
		Debug|Win32 = Debug|Win32
		Debug|x64 = Debug|x64
		Oldrelease|Win32 = Oldrelease|Win32
		Oldrelease|x64 = Oldrelease|x64
		Release|Win32 = Release|Win32
		Release|x64 = Release|x64
	EndGlobalSection
	GlobalSection(ProjectConfigurationPlatforms) = postSolution
		{87217FBE-AAF9-46C5-B88C-99B758E97C92}.Debug|Win32.ActiveCfg = Debug|Win32
		{87217FBE-AAF9-46C5-B88C-99B758E97C92}.Debug|Win32.Build.0 = Debug|Win32
		{87217FBE-AAF9-46C5-B88C-99B758E97C92}.Debug|x64.ActiveCfg = Debug|x64
		{87217FBE-AAF9-46C5-B88C-99B758E97C92}.Debug|x64.Build.0 = Debug|x64
		{87217FBE-AAF9-46C5-B88C-99B758E97C92}.Oldrelease|Win32.ActiveCfg = Oldrelease|Win32
		{87217FBE-AAF9-46C5-B88C-99B758E97C92}.Oldrelease|Win32.Build.0 = Oldrelease|Win32
		{87217FBE-AAF9-46C5-B88C-99B758E97C92}.Oldrelease|x64.ActiveCfg = Oldrelease|x64
		{87217FBE-AAF9-46C5-B88C-99B758E97C92}.Oldrelease|x64.Build.0 = Oldrelease|x64
		{87217FBE-AAF9-46C5-B88C-99B758E97C92}.Release|Win32.ActiveCfg = Release|Win32
		{87217FBE-AAF9-46C5-B88C-99B758E97C92}.Release|Win32.Build.0 = Release|Win32
		{87217FBE-AAF9-46C5-B88C-99B758E97C92}.Release|x64.ActiveCfg = Release|x64
		{87217FBE-AAF9-46C5-B88C-99B758E97C92}.Release|x64.Build.0 = Release|x64
		{B13C3D15-F4C3-409E-9BB3-4420160D4583}.Debug|Win32.ActiveCfg = Debug|Win32
		{B13C3D15-F4C3-409E-9BB3-4420160D4583}.Debug|Win32.Build.0 = Debug|Win32
		{B13C3D15-F4C3-409E-9BB3-4420160D4583}.Debug|x64.ActiveCfg = Debug|x64
		{B13C3D15-F4C3-409E-9BB3-4420160D4583}.Debug|x64.Build.0 = Debug|x64
		{B13C3D15-F4C3-409E-9BB3-4420160D4583}.Oldrelease|Win32.ActiveCfg = Oldrelease|Win32
		{B13C3D15-F4C3-409E-9BB3-4420160D4583}.Oldrelease|Win32.Build.0 = Oldrelease|Win32
		{B13C3D15-F4C3-409E-9BB3-4420160D4583}.Oldrelease|x64.ActiveCfg = Oldrelease|x64
		{B13C3D15-F4C3-409E-9BB3-4420160D4583}.Oldrelease|x64.Build.0 = Oldrelease|x64
		{B13C3D15-F4C3-409E-9BB3-4420160D4583}.Release|Win32.ActiveCfg = Release|Win32
		{B13C3D15-F4C3-409E-9BB3-4420160D4583}.Release|Win32.Build.0 = Release|Win32
		{B13C3D15-F4C3-409E-9BB3-4420160D4583}.Release|x64.ActiveCfg = Release|x64
		{B13C3D15-F4C3-409E-9BB3-4420160D4583}.Release|x64.Build.0 = Release|x64
		{34746F31-B41A-49F6-8D2A-7437D89C50E5}.Debug|Win32.ActiveCfg = Debug|Win32
		{34746F31-B41A-49F6-8D2A-7437D89C50E5}.Debug|Win32.Build.0 = Debug|Win32
		{34746F31-B41A-49F6-8D2A-7437D89C50E5}.Debug|x64.ActiveCfg = Debug|x64
		{34746F31-B41A-49F6-8D2A-7437D89C50E5}.Debug|x64.Build.0 = Debug|x64
		{34746F31-B41A-49F6-8D2A-7437D89C50E5}.Oldrelease|Win32.ActiveCfg = Oldrelease|Win32
		{34746F31-B41A-49F6-8D2A-7437D89C50E5}.Oldrelease|Win32.Build.0 = Oldrelease|Win32
		{34746F31-B41A-49F6-8D2A-7437D89C50E5}.Oldrelease|x64.ActiveCfg = Oldrelease|x64
		{34746F31-B41A-49F6-8D2A-7437D89C50E5}.Oldrelease|x64.Build.0 = Oldrelease|x64
		{34746F31-B41A-49F6-8D2A-7437D89C50E5}.Release|Win32.ActiveCfg = Release|Win32
		{34746F31-B41A-49F6-8D2A-7437D89C50E5}.Release|Win32.Build.0 = Release|Win32
		{34746F31-B41A-49F6-8D2A-7437D89C50E5}.Release|x64.ActiveCfg = Release|x64
		{34746F31-B41A-49F6-8D2A-7437D89C50E5}.Release|x64.Build.0 = Release|x64
	EndGlobalSection
	GlobalSection(SolutionProperties) = preSolution
		HideSolutionNode = FALSE
	EndGlobalSection
EndGlobal
